{
  "version": 4,
  "terraform_version": "1.9.5",
  "serial": 67,
  "lineage": "10b35ec4-83df-211f-397c-7b130c620c6c",
  "outputs": {},
  "resources": [
    {
      "mode": "managed",
      "type": "signalfx_alert_muting_rule",
      "name": "muting_01",
      "provider": "provider[\"registry.terraform.io/splunk-terraform/signalfx\"]",
      "instances": [
        {
          "schema_version": 0,
          "attributes": {
            "description": "KS_TF_Testing muting rules",
            "detectors": [
              "GjriCaJA4AA"
            ],
            "effective_start_time": 1739467716362,
            "filter": [
              {
                "negated": false,
                "property": "service_type",
                "property_value": "production"
              }
            ],
            "id": "Gjrwn0ZAwAA",
            "recurrence": [],
            "start_time": 1739467400,
            "stop_time": 1739490000
          },
          "sensitive_attributes": [],
          "private": "bnVsbA==",
          "dependencies": [
            "signalfx_detector.det_01"
          ]
        }
      ]
    },
    {
      "mode": "managed",
      "type": "signalfx_dashboard",
      "name": "db01",
      "provider": "provider[\"registry.terraform.io/splunk-terraform/signalfx\"]",
      "instances": [
        {
          "schema_version": 0,
          "attributes": {
            "authorized_writer_teams": null,
            "authorized_writer_users": null,
            "chart": [
              {
                "chart_id": "GjmCDG3AwAE",
                "column": 0,
                "height": 1,
                "row": 0,
                "width": 6
              },
              {
                "chart_id": "GjmCESlA4AE",
                "column": 6,
                "height": 1,
                "row": 0,
                "width": 6
              },
              {
                "chart_id": "GjmbYo7A4AA",
                "column": 0,
                "height": 1,
                "row": 1,
                "width": 3
              },
              {
                "chart_id": "Gjra_DjA0AA",
                "column": 0,
                "height": 1,
                "row": 3,
                "width": 3
              },
              {
                "chart_id": "GjrbIN2AwAM",
                "column": 0,
                "height": 1,
                "row": 2,
                "width": 3
              }
            ],
            "charts_resolution": "default",
            "column": [],
            "dashboard_group": "GjrG32cAwAw",
            "description": "This is an overview dashboard for overall health",
            "discovery_options_query": null,
            "discovery_options_selectors": null,
            "end_time": null,
            "event_overlay": [],
            "filter": [],
            "grid": [],
            "id": "GjrHGDsA4AA",
            "name": "KS_TF_Overview Dashboard",
            "permissions": [
              {
                "acl": [
                  {
                    "actions": [
                      "READ",
                      "WRITE"
                    ],
                    "principal_id": "Gg0Bod5A0AA",
                    "principal_type": "USER"
                  }
                ],
                "parent": ""
              }
            ],
            "selected_event_overlay": [],
            "start_time": null,
            "tags": null,
            "time_range": null,
            "url": "https://app.signalfx.com/#/dashboard/GjrHGDsA4AA",
            "variable": []
          },
          "sensitive_attributes": [],
          "private": "bnVsbA==",
          "dependencies": [
            "signalfx_dashboard_group.dbg0",
            "signalfx_list_chart.tfchart_09",
            "signalfx_list_chart.tfchart_10",
            "signalfx_single_value_chart.tfchart_06",
            "signalfx_time_chart.tfchart_01",
            "signalfx_time_chart.tfchart_02"
          ]
        }
      ]
    },
    {
      "mode": "managed",
      "type": "signalfx_dashboard",
      "name": "db02",
      "provider": "provider[\"registry.terraform.io/splunk-terraform/signalfx\"]",
      "instances": [
        {
          "schema_version": 0,
          "attributes": {
            "authorized_writer_teams": null,
            "authorized_writer_users": null,
            "chart": [],
            "charts_resolution": "default",
            "column": [],
            "dashboard_group": "GjrG32cAwAw",
            "description": "This is an overview dashboard for business health",
            "discovery_options_query": null,
            "discovery_options_selectors": null,
            "end_time": null,
            "event_overlay": [],
            "filter": [
              {
                "apply_if_exist": false,
                "negated": false,
                "property": "dem_service",
                "values": [
                  "checkout",
                  "login",
                  "myaccount",
                  "shoppingcart"
                ]
              }
            ],
            "grid": [
              {
                "chart_ids": [
                  "GjmCIHNAwAA",
                  "GjmB6jKAwAA",
                  "GjmT_gzA4AA",
                  "GjmqC74A0AA"
                ],
                "height": 1,
                "width": 3
              }
            ],
            "id": "GjrI0VVA0A4",
            "name": "KS_TF_Business Metrics Dashboard",
            "permissions": [
              {
                "acl": [],
                "parent": "GjrG32cAwAw"
              }
            ],
            "selected_event_overlay": [],
            "start_time": null,
            "tags": null,
            "time_range": "-12h",
            "url": "https://app.signalfx.com/#/dashboard/GjrI0VVA0A4",
            "variable": [
              {
                "alias": "DataCenter",
                "apply_if_exist": true,
                "description": "",
                "property": "datacenter",
                "replace_only": false,
                "restricted_suggestions": false,
                "value_required": false,
                "values": [],
                "values_suggested": []
              }
            ]
          },
          "sensitive_attributes": [],
          "private": "bnVsbA==",
          "dependencies": [
            "signalfx_dashboard_group.dbg0",
            "signalfx_list_chart.tfchart_07",
            "signalfx_time_chart.tfchart_03",
            "signalfx_time_chart.tfchart_04",
            "signalfx_time_chart.tfchart_05"
          ]
        }
      ]
    },
    {
      "mode": "managed",
      "type": "signalfx_dashboard",
      "name": "db_import",
      "provider": "provider[\"registry.terraform.io/splunk-terraform/signalfx\"]",
      "instances": [
        {
          "schema_version": 0,
          "attributes": {
            "authorized_writer_teams": null,
            "authorized_writer_users": null,
            "chart": [
              {
                "chart_id": "GjmJn5SA0AM",
                "column": 0,
                "height": 1,
                "row": 0,
                "width": 6
              }
            ],
            "charts_resolution": "default",
            "column": [],
            "dashboard_group": "GjmGCsVAwAA",
            "description": "",
            "discovery_options_query": null,
            "discovery_options_selectors": null,
            "end_time": null,
            "event_overlay": [],
            "filter": [],
            "grid": [],
            "id": "GjmJ7_tA0AA",
            "name": "KS_Workspace",
            "permissions": [
              {
                "acl": [],
                "parent": "GjmGCsVAwAA"
              }
            ],
            "selected_event_overlay": [],
            "start_time": null,
            "tags": null,
            "time_range": null,
            "url": "https://app.signalfx.com/#/dashboard/GjmJ7_tA0AA",
            "variable": []
          },
          "sensitive_attributes": [],
          "private": "eyJzY2hlbWFfdmVyc2lvbiI6IjAifQ=="
        }
      ]
    },
    {
      "mode": "managed",
      "type": "signalfx_dashboard_group",
      "name": "dbg0",
      "provider": "provider[\"registry.terraform.io/splunk-terraform/signalfx\"]",
      "instances": [
        {
          "schema_version": 0,
          "attributes": {
            "authorized_writer_teams": null,
            "authorized_writer_users": null,
            "dashboard": [],
            "description": "KS_TF_Overview Dashboard Group",
            "id": "GjrG32cAwAw",
            "import_qualifier": [],
            "name": "KS_TF_Overview Dashboard Group",
            "permissions": [
              {
                "actions": [
                  "READ"
                ],
                "principal_id": "Ggz8tIwA4DI",
                "principal_type": "ORG"
              }
            ],
            "teams": []
          },
          "sensitive_attributes": [],
          "private": "bnVsbA=="
        }
      ]
    },
    {
      "mode": "managed",
      "type": "signalfx_data_link",
      "name": "dlink0",
      "provider": "provider[\"registry.terraform.io/splunk-terraform/signalfx\"]",
      "instances": [
        {
          "schema_version": 0,
          "attributes": {
            "context_dashboard_id": "GjrI0VVA0A4",
            "id": "Gjrb0D7A0AU",
            "property_name": "dem_service",
            "property_value": "",
            "target_appd_url": [],
            "target_external_url": [],
            "target_signalfx_dashboard": [
              {
                "dashboard_group_id": "GjrG32cAwAw",
                "dashboard_id": "GjrHGDsA4AA",
                "is_default": true,
                "name": "KS_overview"
              }
            ],
            "target_splunk": []
          },
          "sensitive_attributes": [],
          "private": "bnVsbA==",
          "dependencies": [
            "signalfx_dashboard.db01",
            "signalfx_dashboard.db02",
            "signalfx_dashboard_group.dbg0",
            "signalfx_list_chart.tfchart_07",
            "signalfx_list_chart.tfchart_09",
            "signalfx_list_chart.tfchart_10",
            "signalfx_single_value_chart.tfchart_06",
            "signalfx_time_chart.tfchart_01",
            "signalfx_time_chart.tfchart_02",
            "signalfx_time_chart.tfchart_03",
            "signalfx_time_chart.tfchart_04",
            "signalfx_time_chart.tfchart_05"
          ]
        }
      ]
    },
    {
      "mode": "managed",
      "type": "signalfx_detector",
      "name": "det_01",
      "provider": "provider[\"registry.terraform.io/splunk-terraform/signalfx\"]",
      "instances": [
        {
          "schema_version": 1,
          "attributes": {
            "authorized_writer_teams": null,
            "authorized_writer_users": null,
            "description": "p99 Memory Utilization is high in a datacenter",
            "detector_origin": "Standard",
            "disable_sampling": false,
            "end_time": null,
            "id": "GjriCaJA4AA",
            "label_resolutions": {
              "p99 of memory by datacenter": 10000
            },
            "max_delay": 0,
            "min_delay": 0,
            "name": "KS_TF_p99 Memory by Datacenter",
            "parent_detector_id": "",
            "program_text": "A = data('memory.utilization').percentile(99, by=['datacenter']).publish()\ndetect(when(A \u003e 90,'5m'), off=when(A \u003c 50,'5m')).publish('p99 of memory by datacenter')\n",
            "rule": [
              {
                "description": "p99 of memory \u003e 90",
                "detect_label": "p99 of memory by datacenter",
                "disabled": false,
                "notifications": [],
                "parameterized_body": "",
                "parameterized_subject": "",
                "runbook_url": "",
                "severity": "Critical",
                "tip": ""
              }
            ],
            "show_data_markers": true,
            "show_event_lines": false,
            "start_time": null,
            "tags": [],
            "teams": [],
            "time_range": 3600,
            "timezone": "UTC",
            "url": "https://app.signalfx.com/#/detector/GjriCaJA4AA",
            "viz_options": []
          },
          "sensitive_attributes": [],
          "private": "eyJzY2hlbWFfdmVyc2lvbiI6IjEifQ=="
        }
      ]
    },
    {
      "mode": "managed",
      "type": "signalfx_detector",
      "name": "det_02",
      "provider": "provider[\"registry.terraform.io/splunk-terraform/signalfx\"]",
      "instances": [
        {
          "schema_version": 1,
          "attributes": {
            "authorized_writer_teams": null,
            "authorized_writer_users": null,
            "description": "High memory usage of a container",
            "detector_origin": "Standard",
            "disable_sampling": false,
            "end_time": null,
            "id": "GjrpNLHA0AA",
            "label_resolutions": {
              "container mem-critical": 10000,
              "container mem-major": 10000
            },
            "max_delay": 0,
            "min_delay": 0,
            "name": "KS_TF_Memory usage of a container",
            "parent_detector_id": "",
            "program_text": "A = data('memory.usage.limit').publish()\nB = data('memory.usage.total').publish()\nC = (100*(A-B)/A).publish()\ndetect(when(C\u003e 70,'5m')).publish('container mem-critical')\ndetect(when(50 \u003c C and C \u003c= 70,'10m')).publish('container mem-major')\n",
            "rule": [
              {
                "description": "50 \u003c mem usage \u003c 70",
                "detect_label": "container mem-major",
                "disabled": false,
                "notifications": [],
                "parameterized_body": "",
                "parameterized_subject": "",
                "runbook_url": "",
                "severity": "Major",
                "tip": ""
              },
              {
                "description": "mem usage \u003e 70",
                "detect_label": "container mem-critical",
                "disabled": false,
                "notifications": [],
                "parameterized_body": "",
                "parameterized_subject": "",
                "runbook_url": "",
                "severity": "Critical",
                "tip": ""
              }
            ],
            "show_data_markers": true,
            "show_event_lines": false,
            "start_time": null,
            "tags": [],
            "teams": [],
            "time_range": 3600,
            "timezone": "UTC",
            "url": "https://app.signalfx.com/#/detector/GjrpNLHA0AA",
            "viz_options": []
          },
          "sensitive_attributes": [],
          "private": "eyJzY2hlbWFfdmVyc2lvbiI6IjEifQ=="
        }
      ]
    },
    {
      "mode": "managed",
      "type": "signalfx_heatmap_chart",
      "name": "tfchart_08",
      "provider": "provider[\"registry.terraform.io/splunk-terraform/signalfx\"]",
      "instances": [
        {
          "schema_version": 0,
          "attributes": {
            "color_range": [],
            "color_scale": [
              {
                "color": "green",
                "gt": 340282346638528860000000000000000000000,
                "gte": 340282346638528860000000000000000000000,
                "lt": 30,
                "lte": 340282346638528860000000000000000000000
              },
              {
                "color": "red",
                "gt": 340282346638528860000000000000000000000,
                "gte": 100,
                "lt": 340282346638528860000000000000000000000,
                "lte": 340282346638528860000000000000000000000
              },
              {
                "color": "yellow",
                "gt": 340282346638528860000000000000000000000,
                "gte": 30,
                "lt": 100,
                "lte": 340282346638528860000000000000000000000
              }
            ],
            "description": "99th percentile of latency by each service",
            "disable_sampling": true,
            "group_by": [],
            "hide_timestamp": false,
            "id": "GjmuUruAwAM",
            "max_delay": null,
            "minimum_resolution": null,
            "name": "KS_TF_p99Latency",
            "program_text": "data(\"dem_latency\").percentile(99,by=['dem_service']).publish(label= \"latency\")\n",
            "refresh_interval": null,
            "sort_by": null,
            "timezone": "UTC",
            "unit_prefix": "Metric",
            "url": "https://app.signalfx.com/#/chart/GjmuUruAwAM"
          },
          "sensitive_attributes": [],
          "private": "bnVsbA=="
        }
      ]
    },
    {
      "mode": "managed",
      "type": "signalfx_list_chart",
      "name": "tfchart_07",
      "provider": "provider[\"registry.terraform.io/splunk-terraform/signalfx\"]",
      "instances": [
        {
          "schema_version": 0,
          "attributes": {
            "color_by": "Scale",
            "color_scale": [
              {
                "color": "green",
                "gt": 340282346638528860000000000000000000000,
                "gte": 0,
                "lt": 340282346638528860000000000000000000000,
                "lte": 340282346638528860000000000000000000000
              },
              {
                "color": "red",
                "gt": 340282346638528860000000000000000000000,
                "gte": 340282346638528860000000000000000000000,
                "lt": 0,
                "lte": 340282346638528860000000000000000000000
              }
            ],
            "description": " % change in total number of API calls in the last 24hours",
            "disable_sampling": false,
            "end_time": null,
            "hide_missing_values": false,
            "id": "GjmqC74A0AA",
            "legend_fields_to_hide": null,
            "legend_options_fields": [
              {
                "enabled": false,
                "property": "sf_metric"
              },
              {
                "enabled": true,
                "property": "dem_service"
              },
              {
                "enabled": false,
                "property": "sf_originatingMetric"
              }
            ],
            "max_delay": null,
            "max_precision": 0,
            "name": "KS_TF_%change in API Calls",
            "program_text": "A=data(\"dem_numcalls\",rollup=\"sum\").sum(by=\"dem_service\")\nB=data(\"dem_numcalls\",rollup=\"sum\").sum(by=\"dem_service\").timeshift('1d')\nC=((A - B)*100/B).publish(label= \"%change\")\n",
            "refresh_interval": null,
            "secondary_visualization": "Sparkline",
            "sort_by": "",
            "start_time": null,
            "time_range": null,
            "timezone": "UTC",
            "unit_prefix": "Metric",
            "url": "https://app.signalfx.com/#/chart/GjmqC74A0AA",
            "viz_options": [
              {
                "color": "",
                "display_name": "",
                "label": "%change",
                "value_prefix": "",
                "value_suffix": "%",
                "value_unit": ""
              }
            ]
          },
          "sensitive_attributes": [],
          "private": "bnVsbA=="
        }
      ]
    },
    {
      "mode": "managed",
      "type": "signalfx_list_chart",
      "name": "tfchart_09",
      "provider": "provider[\"registry.terraform.io/splunk-terraform/signalfx\"]",
      "instances": [
        {
          "schema_version": 0,
          "attributes": {
            "color_by": "Dimension",
            "color_scale": [],
            "description": "",
            "disable_sampling": false,
            "end_time": null,
            "hide_missing_values": false,
            "id": "GjrbIN2AwAM",
            "legend_fields_to_hide": null,
            "legend_options_fields": [
              {
                "enabled": true,
                "property": "dem_service"
              },
              {
                "enabled": false,
                "property": "sf_metric"
              },
              {
                "enabled": false,
                "property": "sf_originatingMetric"
              }
            ],
            "max_delay": null,
            "max_precision": 0,
            "name": "KS_TF_p99 Latency By Service",
            "program_text": "data(\"dem_latency\").percentile(99,by=\"dem_service\").publish(label= \"latency_by_service\")\n",
            "refresh_interval": null,
            "secondary_visualization": "Sparkline",
            "sort_by": "",
            "start_time": null,
            "time_range": null,
            "timezone": "UTC",
            "unit_prefix": "Metric",
            "url": "https://app.signalfx.com/#/chart/GjrbIN2AwAM",
            "viz_options": []
          },
          "sensitive_attributes": [],
          "private": "bnVsbA=="
        }
      ]
    },
    {
      "mode": "managed",
      "type": "signalfx_list_chart",
      "name": "tfchart_10",
      "provider": "provider[\"registry.terraform.io/splunk-terraform/signalfx\"]",
      "instances": [
        {
          "schema_version": 0,
          "attributes": {
            "color_by": "Dimension",
            "color_scale": [],
            "description": "",
            "disable_sampling": false,
            "end_time": null,
            "hide_missing_values": false,
            "id": "Gjra_DjA0AA",
            "legend_fields_to_hide": null,
            "legend_options_fields": [
              {
                "enabled": true,
                "property": "dem_service"
              },
              {
                "enabled": false,
                "property": "sf_metric"
              },
              {
                "enabled": false,
                "property": "sf_originatingMetric"
              }
            ],
            "max_delay": null,
            "max_precision": 0,
            "name": "KS_TF_Number of API Calls by service",
            "program_text": "data(\"dem_numcalls\", rollup=\"sum\").sum(by=\"dem_service\").publish(label= \"APICalls_by_service\")\n",
            "refresh_interval": null,
            "secondary_visualization": "Sparkline",
            "sort_by": "",
            "start_time": null,
            "time_range": null,
            "timezone": "UTC",
            "unit_prefix": "Metric",
            "url": "https://app.signalfx.com/#/chart/Gjra_DjA0AA",
            "viz_options": []
          },
          "sensitive_attributes": [],
          "private": "bnVsbA=="
        }
      ]
    },
    {
      "mode": "managed",
      "type": "signalfx_single_value_chart",
      "name": "tfchart_06",
      "provider": "provider[\"registry.terraform.io/splunk-terraform/signalfx\"]",
      "instances": [
        {
          "schema_version": 0,
          "attributes": {
            "color_by": "Scale",
            "color_scale": [
              {
                "color": "green",
                "gt": 340282346638528860000000000000000000000,
                "gte": 0,
                "lt": 85,
                "lte": 340282346638528860000000000000000000000
              },
              {
                "color": "red",
                "gt": 340282346638528860000000000000000000000,
                "gte": 85,
                "lt": 340282346638528860000000000000000000000,
                "lte": 100
              }
            ],
            "description": "99th percentile of Memory utilization",
            "id": "GjmbYo7A4AA",
            "is_timestamp_hidden": false,
            "max_delay": null,
            "max_precision": 0,
            "name": "KS_TF_p99 Memory",
            "program_text": "data(\"memory.utilization\").percentile(99).publish(label= \"p99-memory\")\n",
            "refresh_interval": null,
            "secondary_visualization": "Radial",
            "show_spark_line": false,
            "timezone": "UTC",
            "unit_prefix": "Metric",
            "url": "https://app.signalfx.com/#/chart/GjmbYo7A4AA",
            "viz_options": []
          },
          "sensitive_attributes": [],
          "private": "bnVsbA=="
        }
      ]
    },
    {
      "mode": "managed",
      "type": "signalfx_time_chart",
      "name": "chart_import",
      "provider": "provider[\"registry.terraform.io/splunk-terraform/signalfx\"]",
      "instances": [
        {
          "schema_version": 1,
          "attributes": {
            "axes_include_zero": false,
            "axes_precision": 0,
            "axis_left": [],
            "axis_right": [],
            "color_by": "Dimension",
            "description": "KS_p99 CPU by Datacenter_tf",
            "disable_sampling": false,
            "end_time": null,
            "event_options": [],
            "histogram_options": [
              {
                "color_theme": "red"
              }
            ],
            "id": "GjmJn5SA0AM",
            "legend_fields_to_hide": null,
            "legend_options_fields": [],
            "max_delay": 0,
            "minimum_resolution": 0,
            "name": "KS_p99 CPU by Datacenter_tf",
            "on_chart_legend_dimension": "",
            "plot_type": "LineChart",
            "program_text": "A = data('cpu.utilization').percentile(pct=99, by=['datacenter']).publish(label='A')",
            "show_data_markers": false,
            "show_event_lines": false,
            "stacked": false,
            "start_time": null,
            "tags": [],
            "time_range": 900,
            "timezone": "UTC",
            "unit_prefix": "Metric",
            "url": "https://app.signalfx.com/#/chart/GjmJn5SA0AM",
            "viz_options": [
              {
                "axis": "left",
                "color": "",
                "display_name": "cpu.utilization",
                "label": "A",
                "plot_type": "",
                "value_prefix": "",
                "value_suffix": "",
                "value_unit": ""
              }
            ]
          },
          "sensitive_attributes": [],
          "private": "eyJzY2hlbWFfdmVyc2lvbiI6IjEifQ=="
        }
      ]
    },
    {
      "mode": "managed",
      "type": "signalfx_time_chart",
      "name": "tfchart_01",
      "provider": "provider[\"registry.terraform.io/splunk-terraform/signalfx\"]",
      "instances": [
        {
          "schema_version": 1,
          "attributes": {
            "axes_include_zero": false,
            "axes_precision": 3,
            "axis_left": [],
            "axis_right": [],
            "color_by": "Dimension",
            "description": "",
            "disable_sampling": false,
            "end_time": null,
            "event_options": [],
            "histogram_options": [],
            "id": "GjmCDG3AwAE",
            "legend_fields_to_hide": null,
            "legend_options_fields": [],
            "max_delay": null,
            "minimum_resolution": null,
            "name": "KS_TF_CPU Utilization",
            "on_chart_legend_dimension": null,
            "plot_type": "LineChart",
            "program_text": "data(\"cpu.utilization\").publish(label= \"cpu\")\n",
            "show_data_markers": true,
            "show_event_lines": false,
            "stacked": false,
            "start_time": null,
            "tags": [],
            "time_range": null,
            "timezone": "UTC",
            "unit_prefix": "Metric",
            "url": "https://app.signalfx.com/#/chart/GjmCDG3AwAE",
            "viz_options": []
          },
          "sensitive_attributes": [],
          "private": "eyJzY2hlbWFfdmVyc2lvbiI6IjEifQ=="
        }
      ]
    },
    {
      "mode": "managed",
      "type": "signalfx_time_chart",
      "name": "tfchart_02",
      "provider": "provider[\"registry.terraform.io/splunk-terraform/signalfx\"]",
      "instances": [
        {
          "schema_version": 1,
          "attributes": {
            "axes_include_zero": false,
            "axes_precision": 3,
            "axis_left": [],
            "axis_right": [],
            "color_by": "Dimension",
            "description": "",
            "disable_sampling": false,
            "end_time": null,
            "event_options": [],
            "histogram_options": [],
            "id": "GjmCESlA4AE",
            "legend_fields_to_hide": null,
            "legend_options_fields": [],
            "max_delay": null,
            "minimum_resolution": null,
            "name": "KS_TF_Memory Utilization",
            "on_chart_legend_dimension": null,
            "plot_type": "AreaChart",
            "program_text": "data(\"memory.utilization\").publish(label= \"memory\")\n",
            "show_data_markers": true,
            "show_event_lines": false,
            "stacked": false,
            "start_time": null,
            "tags": [],
            "time_range": null,
            "timezone": "UTC",
            "unit_prefix": "Metric",
            "url": "https://app.signalfx.com/#/chart/GjmCESlA4AE",
            "viz_options": []
          },
          "sensitive_attributes": [],
          "private": "eyJzY2hlbWFfdmVyc2lvbiI6IjEifQ=="
        }
      ]
    },
    {
      "mode": "managed",
      "type": "signalfx_time_chart",
      "name": "tfchart_03",
      "provider": "provider[\"registry.terraform.io/splunk-terraform/signalfx\"]",
      "instances": [
        {
          "schema_version": 1,
          "attributes": {
            "axes_include_zero": false,
            "axes_precision": 3,
            "axis_left": [],
            "axis_right": [],
            "color_by": "Dimension",
            "description": "",
            "disable_sampling": false,
            "end_time": null,
            "event_options": [],
            "histogram_options": [],
            "id": "GjmCIHNAwAA",
            "legend_fields_to_hide": null,
            "legend_options_fields": [],
            "max_delay": null,
            "minimum_resolution": null,
            "name": "KS_TF_Latency",
            "on_chart_legend_dimension": null,
            "plot_type": "LineChart",
            "program_text": "data(\"dem_latency\").publish(label= \"latency\")\n",
            "show_data_markers": true,
            "show_event_lines": false,
            "stacked": false,
            "start_time": null,
            "tags": [],
            "time_range": null,
            "timezone": "UTC",
            "unit_prefix": "Metric",
            "url": "https://app.signalfx.com/#/chart/GjmCIHNAwAA",
            "viz_options": []
          },
          "sensitive_attributes": [],
          "private": "eyJzY2hlbWFfdmVyc2lvbiI6IjEifQ=="
        }
      ]
    },
    {
      "mode": "managed",
      "type": "signalfx_time_chart",
      "name": "tfchart_04",
      "provider": "provider[\"registry.terraform.io/splunk-terraform/signalfx\"]",
      "instances": [
        {
          "schema_version": 1,
          "attributes": {
            "axes_include_zero": false,
            "axes_precision": 3,
            "axis_left": [],
            "axis_right": [],
            "color_by": "Dimension",
            "description": "",
            "disable_sampling": false,
            "end_time": null,
            "event_options": [],
            "histogram_options": [],
            "id": "GjmB6jKAwAA",
            "legend_fields_to_hide": null,
            "legend_options_fields": [],
            "max_delay": null,
            "minimum_resolution": null,
            "name": "KS_TF_Number of API Calls",
            "on_chart_legend_dimension": null,
            "plot_type": "ColumnChart",
            "program_text": "data(\"dem_numcalls\").publish(label= \"API Calls\")\n",
            "show_data_markers": true,
            "show_event_lines": false,
            "stacked": false,
            "start_time": null,
            "tags": [],
            "time_range": null,
            "timezone": "UTC",
            "unit_prefix": "Metric",
            "url": "https://app.signalfx.com/#/chart/GjmB6jKAwAA",
            "viz_options": []
          },
          "sensitive_attributes": [],
          "private": "eyJzY2hlbWFfdmVyc2lvbiI6IjEifQ=="
        }
      ]
    },
    {
      "mode": "managed",
      "type": "signalfx_time_chart",
      "name": "tfchart_05",
      "provider": "provider[\"registry.terraform.io/splunk-terraform/signalfx\"]",
      "instances": [
        {
          "schema_version": 1,
          "attributes": {
            "axes_include_zero": false,
            "axes_precision": 3,
            "axis_left": [],
            "axis_right": [],
            "color_by": "Dimension",
            "description": "p99 Latency vs Total number of transactions",
            "disable_sampling": false,
            "end_time": null,
            "event_options": [],
            "histogram_options": [],
            "id": "GjmT_gzA4AA",
            "legend_fields_to_hide": null,
            "legend_options_fields": [],
            "max_delay": null,
            "minimum_resolution": null,
            "name": "KS_TF_Latency vs Transactions",
            "on_chart_legend_dimension": "",
            "plot_type": "LineChart",
            "program_text": "data(\"dem_latency\").percentile(99).publish(label= \"p99-latency\")\ndata(\"dem_numcalls\",rollup=\"sum\").sum().publish(label= \"Sum-transactions\")\n",
            "show_data_markers": true,
            "show_event_lines": false,
            "stacked": false,
            "start_time": null,
            "tags": [],
            "time_range": 0,
            "timezone": "UTC",
            "unit_prefix": "Metric",
            "url": "https://app.signalfx.com/#/chart/GjmT_gzA4AA",
            "viz_options": [
              {
                "axis": "right",
                "color": "orange",
                "display_name": "",
                "label": "Sum-transactions",
                "plot_type": "ColumnChart",
                "value_prefix": "",
                "value_suffix": "",
                "value_unit": ""
              }
            ]
          },
          "sensitive_attributes": [],
          "private": "eyJzY2hlbWFfdmVyc2lvbiI6IjEifQ=="
        }
      ]
    }
  ],
  "check_results": null
}
